
Microsoft Visual Studio Solution File, Format Version 11.00
# Visual Studio 2010
Project("{FAE04EC0-301F-11D3-BF4B-00C04F79EFBC}") = "SmackMyBenchUp", "SmackMyBenchUp\SmackMyBenchUp.csproj", "{42A0B69C-5EE9-4583-A2C0-B4CB76B0DD12}"
EndProject
Project("{FAE04EC0-301F-11D3-BF4B-00C04F79EFBC}") = "Runner", "Runner\Runner.csproj", "{5DCDFA25-06D4-4426-86B3-A97664B6CED4}"
EndProject
Global
	GlobalSection(SolutionConfigurationPlatforms) = preSolution
		Debug|Any CPU = Debug|Any CPU
		Debug|Mixed Platforms = Debug|Mixed Platforms
		Debug|x86 = Debug|x86
		Release|Any CPU = Release|Any CPU
		Release|Mixed Platforms = Release|Mixed Platforms
		Release|x86 = Release|x86
	EndGlobalSection
	GlobalSection(ProjectConfigurationPlatforms) = postSolution
		{42A0B69C-5EE9-4583-A2C0-B4CB76B0DD12}.Debug|Any CPU.ActiveCfg = Debug|Any CPU
		{42A0B69C-5EE9-4583-A2C0-B4CB76B0DD12}.Debug|Any CPU.Build.0 = Debug|Any CPU
		{42A0B69C-5EE9-4583-A2C0-B4CB76B0DD12}.Debug|Mixed Platforms.ActiveCfg = Debug|Any CPU
		{42A0B69C-5EE9-4583-A2C0-B4CB76B0DD12}.Debug|Mixed Platforms.Build.0 = Debug|Any CPU
		{42A0B69C-5EE9-4583-A2C0-B4CB76B0DD12}.Debug|x86.ActiveCfg = Debug|Any CPU
		{42A0B69C-5EE9-4583-A2C0-B4CB76B0DD12}.Release|Any CPU.ActiveCfg = Release|Any CPU
		{42A0B69C-5EE9-4583-A2C0-B4CB76B0DD12}.Release|Any CPU.Build.0 = Release|Any CPU
		{42A0B69C-5EE9-4583-A2C0-B4CB76B0DD12}.Release|Mixed Platforms.ActiveCfg = Release|Any CPU
		{42A0B69C-5EE9-4583-A2C0-B4CB76B0DD12}.Release|Mixed Platforms.Build.0 = Release|Any CPU
		{42A0B69C-5EE9-4583-A2C0-B4CB76B0DD12}.Release|x86.ActiveCfg = Release|Any CPU
		{5DCDFA25-06D4-4426-86B3-A97664B6CED4}.Debug|Any CPU.ActiveCfg = Debug|x86
		{5DCDFA25-06D4-4426-86B3-A97664B6CED4}.Debug|Mixed Platforms.ActiveCfg = Debug|x86
		{5DCDFA25-06D4-4426-86B3-A97664B6CED4}.Debug|Mixed Platforms.Build.0 = Debug|x86
		{5DCDFA25-06D4-4426-86B3-A97664B6CED4}.Debug|x86.ActiveCfg = Debug|x86
		{5DCDFA25-06D4-4426-86B3-A97664B6CED4}.Debug|x86.Build.0 = Debug|x86
		{5DCDFA25-06D4-4426-86B3-A97664B6CED4}.Release|Any CPU.ActiveCfg = Release|x86
		{5DCDFA25-06D4-4426-86B3-A97664B6CED4}.Release|Mixed Platforms.ActiveCfg = Release|x86
		{5DCDFA25-06D4-4426-86B3-A97664B6CED4}.Release|Mixed Platforms.Build.0 = Release|x86
		{5DCDFA25-06D4-4426-86B3-A97664B6CED4}.Release|x86.ActiveCfg = Release|x86
		{5DCDFA25-06D4-4426-86B3-A97664B6CED4}.Release|x86.Build.0 = Release|x86
	EndGlobalSection
	GlobalSection(SolutionProperties) = preSolution
		HideSolutionNode = FALSE
	EndGlobalSection
EndGlobal
